
Microsoft Visual Studio Solution File, Format Version 12.00
# Visual Studio Version 16
VisualStudioVersion = 16.0.30503.244
MinimumVisualStudioVersion = 10.0.40219.1
Project("{FAE04EC0-301F-11D3-BF4B-00C04F79EFBC}") = "wpfMessageBox", "wpfMessageBox\wpfMessageBox.csproj", "{79C680CE-69F8-46BC-8CE0-CDB977DCB3B1}"
EndProject
Project("{8BC9CEB8-8B4A-11D0-8D11-00A0C91BC942}") = "CppDriverCode", "CppDriverCode\CppDriverCode.vcxproj", "{FBF69C33-BA1E-4B32-B62B-B35B0E826980}"
EndProject
Global
	GlobalSection(SolutionConfigurationPlatforms) = preSolution
		Debug|Any CPU = Debug|Any CPU
		Debug|x64 = Debug|x64
		Debug|x86 = Debug|x86
		Release|Any CPU = Release|Any CPU
		Release|x64 = Release|x64
		Release|x86 = Release|x86
	EndGlobalSection
	GlobalSection(ProjectConfigurationPlatforms) = postSolution
		{79C680CE-69F8-46BC-8CE0-CDB977DCB3B1}.Debug|Any CPU.ActiveCfg = Debug|Any CPU
		{79C680CE-69F8-46BC-8CE0-CDB977DCB3B1}.Debug|Any CPU.Build.0 = Debug|Any CPU
		{79C680CE-69F8-46BC-8CE0-CDB977DCB3B1}.Debug|x64.ActiveCfg = Debug|Any CPU
		{79C680CE-69F8-46BC-8CE0-CDB977DCB3B1}.Debug|x64.Build.0 = Debug|Any CPU
		{79C680CE-69F8-46BC-8CE0-CDB977DCB3B1}.Debug|x86.ActiveCfg = Debug|Any CPU
		{79C680CE-69F8-46BC-8CE0-CDB977DCB3B1}.Debug|x86.Build.0 = Debug|Any CPU
		{79C680CE-69F8-46BC-8CE0-CDB977DCB3B1}.Release|Any CPU.ActiveCfg = Release|Any CPU
		{79C680CE-69F8-46BC-8CE0-CDB977DCB3B1}.Release|Any CPU.Build.0 = Release|Any CPU
		{79C680CE-69F8-46BC-8CE0-CDB977DCB3B1}.Release|x64.ActiveCfg = Release|Any CPU
		{79C680CE-69F8-46BC-8CE0-CDB977DCB3B1}.Release|x64.Build.0 = Release|Any CPU
		{79C680CE-69F8-46BC-8CE0-CDB977DCB3B1}.Release|x86.ActiveCfg = Release|Any CPU
		{79C680CE-69F8-46BC-8CE0-CDB977DCB3B1}.Release|x86.Build.0 = Release|Any CPU
		{FBF69C33-BA1E-4B32-B62B-B35B0E826980}.Debug|Any CPU.ActiveCfg = Debug|Win32
		{FBF69C33-BA1E-4B32-B62B-B35B0E826980}.Debug|x64.ActiveCfg = Debug|x64
		{FBF69C33-BA1E-4B32-B62B-B35B0E826980}.Debug|x64.Build.0 = Debug|x64
		{FBF69C33-BA1E-4B32-B62B-B35B0E826980}.Debug|x86.ActiveCfg = Debug|Win32
		{FBF69C33-BA1E-4B32-B62B-B35B0E826980}.Debug|x86.Build.0 = Debug|Win32
		{FBF69C33-BA1E-4B32-B62B-B35B0E826980}.Release|Any CPU.ActiveCfg = Release|Win32
		{FBF69C33-BA1E-4B32-B62B-B35B0E826980}.Release|x64.ActiveCfg = Release|x64
		{FBF69C33-BA1E-4B32-B62B-B35B0E826980}.Release|x64.Build.0 = Release|x64
		{FBF69C33-BA1E-4B32-B62B-B35B0E826980}.Release|x86.ActiveCfg = Release|Win32
		{FBF69C33-BA1E-4B32-B62B-B35B0E826980}.Release|x86.Build.0 = Release|Win32
	EndGlobalSection
	GlobalSection(SolutionProperties) = preSolution
		HideSolutionNode = FALSE
	EndGlobalSection
	GlobalSection(ExtensibilityGlobals) = postSolution
		SolutionGuid = {07CF3CC8-3705-46A8-85D7-02D40114CD57}
	EndGlobalSection
EndGlobal
